// !$*UTF8*$!
{
	archiveVersion = 1;
	classes = {
	};
	objectVersion = 56;
	objects = {

/* Begin PBXBuildFile section */
		40E66DBC519C2E7561158269 /* Pods_PulseApp_vladTests.framework in Frameworks */ = {isa = PBXBuildFile; fileRef = 10AACEC835180F489CFD91C0 /* Pods_PulseApp_vladTests.framework */; };
		A4AFCECFB01076064A64F421 /* Pods_PulseApp_vlad.framework in Frameworks */ = {isa = PBXBuildFile; fileRef = CD572874772EE00CED963D29 /* Pods_PulseApp_vlad.framework */; };
		F56BFD562B3447EA0066B1EC /* AppDelegate.swift in Sources */ = {isa = PBXBuildFile; fileRef = F56BFD552B3447EA0066B1EC /* AppDelegate.swift */; };
		F56BFD582B3447EA0066B1EC /* SceneDelegate.swift in Sources */ = {isa = PBXBuildFile; fileRef = F56BFD572B3447EA0066B1EC /* SceneDelegate.swift */; };
		F56BFD5A2B3447EA0066B1EC /* ViewController.swift in Sources */ = {isa = PBXBuildFile; fileRef = F56BFD592B3447EA0066B1EC /* ViewController.swift */; };
		F56BFD5D2B3447EA0066B1EC /* Main.storyboard in Resources */ = {isa = PBXBuildFile; fileRef = F56BFD5B2B3447EA0066B1EC /* Main.storyboard */; };
		F56BFD5F2B3447EB0066B1EC /* Assets.xcassets in Resources */ = {isa = PBXBuildFile; fileRef = F56BFD5E2B3447EB0066B1EC /* Assets.xcassets */; };
		F56BFD622B3447EB0066B1EC /* LaunchScreen.storyboard in Resources */ = {isa = PBXBuildFile; fileRef = F56BFD602B3447EB0066B1EC /* LaunchScreen.storyboard */; };
		F56BFD6D2B3447EB0066B1EC /* PulseApp_vladTests.swift in Sources */ = {isa = PBXBuildFile; fileRef = F56BFD6C2B3447EB0066B1EC /* PulseApp_vladTests.swift */; };
		F56BFD772B3447EB0066B1EC /* PulseApp_vladUITests.swift in Sources */ = {isa = PBXBuildFile; fileRef = F56BFD762B3447EB0066B1EC /* PulseApp_vladUITests.swift */; };
		F56BFD792B3447EB0066B1EC /* PulseApp_vladUITestsLaunchTests.swift in Sources */ = {isa = PBXBuildFile; fileRef = F56BFD782B3447EB0066B1EC /* PulseApp_vladUITestsLaunchTests.swift */; };
		F56BFD882B344BBF0066B1EC /* PublicButton.swift in Sources */ = {isa = PBXBuildFile; fileRef = F56BFD872B344BBF0066B1EC /* PublicButton.swift */; };
		F56BFD8B2B344C2F0066B1EC /* TabController.swift in Sources */ = {isa = PBXBuildFile; fileRef = F56BFD8A2B344C2F0066B1EC /* TabController.swift */; };
		F56BFD9D2B344D4B0066B1EC /* BaseViewController.swift in Sources */ = {isa = PBXBuildFile; fileRef = F56BFD9C2B344D4B0066B1EC /* BaseViewController.swift */; };
		F56BFD9F2B344D790066B1EC /* HeartRateController.swift in Sources */ = {isa = PBXBuildFile; fileRef = F56BFD9E2B344D790066B1EC /* HeartRateController.swift */; };
		F56BFDA12B344D9C0066B1EC /* Extension.swift in Sources */ = {isa = PBXBuildFile; fileRef = F56BFDA02B344D9C0066B1EC /* Extension.swift */; };
		F56BFDA32B344DB60066B1EC /* HeartRateViewModel.swift in Sources */ = {isa = PBXBuildFile; fileRef = F56BFDA22B344DB60066B1EC /* HeartRateViewModel.swift */; };
		F56BFDAA2B344E450066B1EC /* ResultStack.swift in Sources */ = {isa = PBXBuildFile; fileRef = F56BFDA92B344E440066B1EC /* ResultStack.swift */; };
		F56BFDAC2B344E590066B1EC /* RightNumbersStack.swift in Sources */ = {isa = PBXBuildFile; fileRef = F56BFDAB2B344E590066B1EC /* RightNumbersStack.swift */; };
		F56BFDAE2B344E720066B1EC /* ResultHeartRateStack.swift in Sources */ = {isa = PBXBuildFile; fileRef = F56BFDAD2B344E720066B1EC /* ResultHeartRateStack.swift */; };
		F56BFDB02B344E830066B1EC /* TypeResult.swift in Sources */ = {isa = PBXBuildFile; fileRef = F56BFDAF2B344E830066B1EC /* TypeResult.swift */; };
		F56BFDB22B344E940066B1EC /* ResultScreen.swift in Sources */ = {isa = PBXBuildFile; fileRef = F56BFDB12B344E940066B1EC /* ResultScreen.swift */; };
		F56BFDB42B344EA40066B1EC /* ResultView.swift in Sources */ = {isa = PBXBuildFile; fileRef = F56BFDB32B344EA40066B1EC /* ResultView.swift */; };
		F56BFDB62B344EB40066B1EC /* PulsTypeButton.swift in Sources */ = {isa = PBXBuildFile; fileRef = F56BFDB52B344EB40066B1EC /* PulsTypeButton.swift */; };
		F56BFDB82B344EC80066B1EC /* ProgressBar.swift in Sources */ = {isa = PBXBuildFile; fileRef = F56BFDB72B344EC80066B1EC /* ProgressBar.swift */; };
		F56BFDBA2B344EE00066B1EC /* ReusableAlertView.swift in Sources */ = {isa = PBXBuildFile; fileRef = F56BFDB92B344EE00066B1EC /* ReusableAlertView.swift */; };
		F56BFDC22B344F5C0066B1EC /* Settings.swift in Sources */ = {isa = PBXBuildFile; fileRef = F56BFDC12B344F5C0066B1EC /* Settings.swift */; };
		F56BFDC42B344F720066B1EC /* DefiningPulseType.swift in Sources */ = {isa = PBXBuildFile; fileRef = F56BFDC32B344F720066B1EC /* DefiningPulseType.swift */; };
		F56BFDC62B344F870066B1EC /* BPMUserSettings.swift in Sources */ = {isa = PBXBuildFile; fileRef = F56BFDC52B344F870066B1EC /* BPMUserSettings.swift */; };
		F56BFDC82B344F990066B1EC /* BPMUserManager.swift in Sources */ = {isa = PBXBuildFile; fileRef = F56BFDC72B344F980066B1EC /* BPMUserManager.swift */; };
		F56BFDCA2B344FB20066B1EC /* RealmExtension.swift in Sources */ = {isa = PBXBuildFile; fileRef = F56BFDC92B344FB20066B1EC /* RealmExtension.swift */; };
		F56BFDCC2B344FC40066B1EC /* QueueManager.swift in Sources */ = {isa = PBXBuildFile; fileRef = F56BFDCB2B344FC40066B1EC /* QueueManager.swift */; };
		F56BFDCE2B344FD60066B1EC /* UserModel.swift in Sources */ = {isa = PBXBuildFile; fileRef = F56BFDCD2B344FD60066B1EC /* UserModel.swift */; };
		F56BFDD02B344FE60066B1EC /* UserManager.swift in Sources */ = {isa = PBXBuildFile; fileRef = F56BFDCF2B344FE60066B1EC /* UserManager.swift */; };
		F56BFDD42B34501E0066B1EC /* AboutMeViewController.swift in Sources */ = {isa = PBXBuildFile; fileRef = F56BFDD32B34501E0066B1EC /* AboutMeViewController.swift */; };
		F56BFDD82B34504C0066B1EC /* UnitsView.swift in Sources */ = {isa = PBXBuildFile; fileRef = F56BFDD72B34504C0066B1EC /* UnitsView.swift */; };
		F56BFDDD2B3450850066B1EC /* AboutMeFieldCell.swift in Sources */ = {isa = PBXBuildFile; fileRef = F56BFDDC2B3450850066B1EC /* AboutMeFieldCell.swift */; };
		F56BFDDF2B34509B0066B1EC /* GenderFieldView.swift in Sources */ = {isa = PBXBuildFile; fileRef = F56BFDDE2B34509B0066B1EC /* GenderFieldView.swift */; };
		F56BFDE12B3450AF0066B1EC /* GenderCell.swift in Sources */ = {isa = PBXBuildFile; fileRef = F56BFDE02B3450AE0066B1EC /* GenderCell.swift */; };
		F56BFDE32B3450C30066B1EC /* BaseAboutMeCollectionCell.swift in Sources */ = {isa = PBXBuildFile; fileRef = F56BFDE22B3450C30066B1EC /* BaseAboutMeCollectionCell.swift */; };
		F56BFDEA2B3451640066B1EC /* ManagerHeartRate.swift in Sources */ = {isa = PBXBuildFile; fileRef = F56BFDE92B3451640066B1EC /* ManagerHeartRate.swift */; };
		F56BFDEC2B34545F0066B1EC /* AnalyzViewController.swift in Sources */ = {isa = PBXBuildFile; fileRef = F56BFDEB2B34545F0066B1EC /* AnalyzViewController.swift */; };
		F56BFDEE2B3455C90066B1EC /* ProfileViewController.swift in Sources */ = {isa = PBXBuildFile; fileRef = F56BFDED2B3455C90066B1EC /* ProfileViewController.swift */; };
		F56BFDF02B3455DA0066B1EC /* TestViewController.swift in Sources */ = {isa = PBXBuildFile; fileRef = F56BFDEF2B3455DA0066B1EC /* TestViewController.swift */; };
		F56BFDF22B3455E70066B1EC /* DietViewController.swift in Sources */ = {isa = PBXBuildFile; fileRef = F56BFDF12B3455E70066B1EC /* DietViewController.swift */; };
		F56BFDF42B3455F80066B1EC /* HistoryViewController.swift in Sources */ = {isa = PBXBuildFile; fileRef = F56BFDF32B3455F80066B1EC /* HistoryViewController.swift */; };
		FD18C7DDE8CDD5408E2C6874 /* Pods_PulseApp_vlad_PulseApp_vladUITests.framework in Frameworks */ = {isa = PBXBuildFile; fileRef = 959796C2BCB050651000F1B7 /* Pods_PulseApp_vlad_PulseApp_vladUITests.framework */; };
/* End PBXBuildFile section */

/* Begin PBXContainerItemProxy section */
		F56BFD692B3447EB0066B1EC /* PBXContainerItemProxy */ = {
			isa = PBXContainerItemProxy;
			containerPortal = F56BFD4A2B3447EA0066B1EC /* Project object */;
			proxyType = 1;
			remoteGlobalIDString = F56BFD512B3447EA0066B1EC;
			remoteInfo = "PulseApp-vlad";
		};
		F56BFD732B3447EB0066B1EC /* PBXContainerItemProxy */ = {
			isa = PBXContainerItemProxy;
			containerPortal = F56BFD4A2B3447EA0066B1EC /* Project object */;
			proxyType = 1;
			remoteGlobalIDString = F56BFD512B3447EA0066B1EC;
			remoteInfo = "PulseApp-vlad";
		};
/* End PBXContainerItemProxy section */

/* Begin PBXFileReference section */
		10AACEC835180F489CFD91C0 /* Pods_PulseApp_vladTests.framework */ = {isa = PBXFileReference; explicitFileType = wrapper.framework; includeInIndex = 0; path = Pods_PulseApp_vladTests.framework; sourceTree = BUILT_PRODUCTS_DIR; };
		1B6E0FD77FF9D281BBC4657D /* Pods-PulseApp-vladTests.debug.xcconfig */ = {isa = PBXFileReference; includeInIndex = 1; lastKnownFileType = text.xcconfig; name = "Pods-PulseApp-vladTests.debug.xcconfig"; path = "Target Support Files/Pods-PulseApp-vladTests/Pods-PulseApp-vladTests.debug.xcconfig"; sourceTree = "<group>"; };
		48542826857E4A2B5DC513A1 /* Pods-PulseApp-vlad-PulseApp-vladUITests.release.xcconfig */ = {isa = PBXFileReference; includeInIndex = 1; lastKnownFileType = text.xcconfig; name = "Pods-PulseApp-vlad-PulseApp-vladUITests.release.xcconfig"; path = "Target Support Files/Pods-PulseApp-vlad-PulseApp-vladUITests/Pods-PulseApp-vlad-PulseApp-vladUITests.release.xcconfig"; sourceTree = "<group>"; };
		6F2E498E12A9E77FBF9508CA /* Pods-PulseApp-vlad-PulseApp-vladUITests.debug.xcconfig */ = {isa = PBXFileReference; includeInIndex = 1; lastKnownFileType = text.xcconfig; name = "Pods-PulseApp-vlad-PulseApp-vladUITests.debug.xcconfig"; path = "Target Support Files/Pods-PulseApp-vlad-PulseApp-vladUITests/Pods-PulseApp-vlad-PulseApp-vladUITests.debug.xcconfig"; sourceTree = "<group>"; };
		959796C2BCB050651000F1B7 /* Pods_PulseApp_vlad_PulseApp_vladUITests.framework */ = {isa = PBXFileReference; explicitFileType = wrapper.framework; includeInIndex = 0; path = Pods_PulseApp_vlad_PulseApp_vladUITests.framework; sourceTree = BUILT_PRODUCTS_DIR; };
		AFD023AC907259B9CFEF4AF4 /* Pods-PulseApp-vlad.debug.xcconfig */ = {isa = PBXFileReference; includeInIndex = 1; lastKnownFileType = text.xcconfig; name = "Pods-PulseApp-vlad.debug.xcconfig"; path = "Target Support Files/Pods-PulseApp-vlad/Pods-PulseApp-vlad.debug.xcconfig"; sourceTree = "<group>"; };
		CD572874772EE00CED963D29 /* Pods_PulseApp_vlad.framework */ = {isa = PBXFileReference; explicitFileType = wrapper.framework; includeInIndex = 0; path = Pods_PulseApp_vlad.framework; sourceTree = BUILT_PRODUCTS_DIR; };
		D278B715ED12C818C29369FF /* Pods-PulseApp-vlad.release.xcconfig */ = {isa = PBXFileReference; includeInIndex = 1; lastKnownFileType = text.xcconfig; name = "Pods-PulseApp-vlad.release.xcconfig"; path = "Target Support Files/Pods-PulseApp-vlad/Pods-PulseApp-vlad.release.xcconfig"; sourceTree = "<group>"; };
		D8E333A78E880DA93201243A /* Pods-PulseApp-vladTests.release.xcconfig */ = {isa = PBXFileReference; includeInIndex = 1; lastKnownFileType = text.xcconfig; name = "Pods-PulseApp-vladTests.release.xcconfig"; path = "Target Support Files/Pods-PulseApp-vladTests/Pods-PulseApp-vladTests.release.xcconfig"; sourceTree = "<group>"; };
		F56BFD522B3447EA0066B1EC /* PulseApp-vlad.app */ = {isa = PBXFileReference; explicitFileType = wrapper.application; includeInIndex = 0; path = "PulseApp-vlad.app"; sourceTree = BUILT_PRODUCTS_DIR; };
		F56BFD552B3447EA0066B1EC /* AppDelegate.swift */ = {isa = PBXFileReference; lastKnownFileType = sourcecode.swift; path = AppDelegate.swift; sourceTree = "<group>"; };
		F56BFD572B3447EA0066B1EC /* SceneDelegate.swift */ = {isa = PBXFileReference; lastKnownFileType = sourcecode.swift; path = SceneDelegate.swift; sourceTree = "<group>"; };
		F56BFD592B3447EA0066B1EC /* ViewController.swift */ = {isa = PBXFileReference; lastKnownFileType = sourcecode.swift; path = ViewController.swift; sourceTree = "<group>"; };
		F56BFD5C2B3447EA0066B1EC /* Base */ = {isa = PBXFileReference; lastKnownFileType = file.storyboard; name = Base; path = Base.lproj/Main.storyboard; sourceTree = "<group>"; };
		F56BFD5E2B3447EB0066B1EC /* Assets.xcassets */ = {isa = PBXFileReference; lastKnownFileType = folder.assetcatalog; path = Assets.xcassets; sourceTree = "<group>"; };
		F56BFD612B3447EB0066B1EC /* Base */ = {isa = PBXFileReference; lastKnownFileType = file.storyboard; name = Base; path = Base.lproj/LaunchScreen.storyboard; sourceTree = "<group>"; };
		F56BFD632B3447EB0066B1EC /* Info.plist */ = {isa = PBXFileReference; lastKnownFileType = text.plist.xml; path = Info.plist; sourceTree = "<group>"; };
		F56BFD682B3447EB0066B1EC /* PulseApp-vladTests.xctest */ = {isa = PBXFileReference; explicitFileType = wrapper.cfbundle; includeInIndex = 0; path = "PulseApp-vladTests.xctest"; sourceTree = BUILT_PRODUCTS_DIR; };
		F56BFD6C2B3447EB0066B1EC /* PulseApp_vladTests.swift */ = {isa = PBXFileReference; lastKnownFileType = sourcecode.swift; path = PulseApp_vladTests.swift; sourceTree = "<group>"; };
		F56BFD722B3447EB0066B1EC /* PulseApp-vladUITests.xctest */ = {isa = PBXFileReference; explicitFileType = wrapper.cfbundle; includeInIndex = 0; path = "PulseApp-vladUITests.xctest"; sourceTree = BUILT_PRODUCTS_DIR; };
		F56BFD762B3447EB0066B1EC /* PulseApp_vladUITests.swift */ = {isa = PBXFileReference; lastKnownFileType = sourcecode.swift; path = PulseApp_vladUITests.swift; sourceTree = "<group>"; };
		F56BFD782B3447EB0066B1EC /* PulseApp_vladUITestsLaunchTests.swift */ = {isa = PBXFileReference; lastKnownFileType = sourcecode.swift; path = PulseApp_vladUITestsLaunchTests.swift; sourceTree = "<group>"; };
		F56BFD872B344BBF0066B1EC /* PublicButton.swift */ = {isa = PBXFileReference; lastKnownFileType = sourcecode.swift; path = PublicButton.swift; sourceTree = "<group>"; };
		F56BFD8A2B344C2F0066B1EC /* TabController.swift */ = {isa = PBXFileReference; lastKnownFileType = sourcecode.swift; path = TabController.swift; sourceTree = "<group>"; };
		F56BFD9C2B344D4B0066B1EC /* BaseViewController.swift */ = {isa = PBXFileReference; lastKnownFileType = sourcecode.swift; path = BaseViewController.swift; sourceTree = "<group>"; };
		F56BFD9E2B344D790066B1EC /* HeartRateController.swift */ = {isa = PBXFileReference; lastKnownFileType = sourcecode.swift; path = HeartRateController.swift; sourceTree = "<group>"; };
		F56BFDA02B344D9C0066B1EC /* Extension.swift */ = {isa = PBXFileReference; lastKnownFileType = sourcecode.swift; path = Extension.swift; sourceTree = "<group>"; };
		F56BFDA22B344DB60066B1EC /* HeartRateViewModel.swift */ = {isa = PBXFileReference; lastKnownFileType = sourcecode.swift; path = HeartRateViewModel.swift; sourceTree = "<group>"; };
		F56BFDA92B344E440066B1EC /* ResultStack.swift */ = {isa = PBXFileReference; lastKnownFileType = sourcecode.swift; path = ResultStack.swift; sourceTree = "<group>"; };
		F56BFDAB2B344E590066B1EC /* RightNumbersStack.swift */ = {isa = PBXFileReference; lastKnownFileType = sourcecode.swift; path = RightNumbersStack.swift; sourceTree = "<group>"; };
		F56BFDAD2B344E720066B1EC /* ResultHeartRateStack.swift */ = {isa = PBXFileReference; lastKnownFileType = sourcecode.swift; path = ResultHeartRateStack.swift; sourceTree = "<group>"; };
		F56BFDAF2B344E830066B1EC /* TypeResult.swift */ = {isa = PBXFileReference; lastKnownFileType = sourcecode.swift; path = TypeResult.swift; sourceTree = "<group>"; };
		F56BFDB12B344E940066B1EC /* ResultScreen.swift */ = {isa = PBXFileReference; lastKnownFileType = sourcecode.swift; path = ResultScreen.swift; sourceTree = "<group>"; };
		F56BFDB32B344EA40066B1EC /* ResultView.swift */ = {isa = PBXFileReference; lastKnownFileType = sourcecode.swift; path = ResultView.swift; sourceTree = "<group>"; };
		F56BFDB52B344EB40066B1EC /* PulsTypeButton.swift */ = {isa = PBXFileReference; lastKnownFileType = sourcecode.swift; path = PulsTypeButton.swift; sourceTree = "<group>"; };
		F56BFDB72B344EC80066B1EC /* ProgressBar.swift */ = {isa = PBXFileReference; lastKnownFileType = sourcecode.swift; path = ProgressBar.swift; sourceTree = "<group>"; };
		F56BFDB92B344EE00066B1EC /* ReusableAlertView.swift */ = {isa = PBXFileReference; lastKnownFileType = sourcecode.swift; path = ReusableAlertView.swift; sourceTree = "<group>"; };
		F56BFDC12B344F5C0066B1EC /* Settings.swift */ = {isa = PBXFileReference; lastKnownFileType = sourcecode.swift; path = Settings.swift; sourceTree = "<group>"; };
		F56BFDC32B344F720066B1EC /* DefiningPulseType.swift */ = {isa = PBXFileReference; lastKnownFileType = sourcecode.swift; path = DefiningPulseType.swift; sourceTree = "<group>"; };
		F56BFDC52B344F870066B1EC /* BPMUserSettings.swift */ = {isa = PBXFileReference; lastKnownFileType = sourcecode.swift; path = BPMUserSettings.swift; sourceTree = "<group>"; };
		F56BFDC72B344F980066B1EC /* BPMUserManager.swift */ = {isa = PBXFileReference; lastKnownFileType = sourcecode.swift; path = BPMUserManager.swift; sourceTree = "<group>"; };
		F56BFDC92B344FB20066B1EC /* RealmExtension.swift */ = {isa = PBXFileReference; lastKnownFileType = sourcecode.swift; path = RealmExtension.swift; sourceTree = "<group>"; };
		F56BFDCB2B344FC40066B1EC /* QueueManager.swift */ = {isa = PBXFileReference; lastKnownFileType = sourcecode.swift; path = QueueManager.swift; sourceTree = "<group>"; };
		F56BFDCD2B344FD60066B1EC /* UserModel.swift */ = {isa = PBXFileReference; lastKnownFileType = sourcecode.swift; path = UserModel.swift; sourceTree = "<group>"; };
		F56BFDCF2B344FE60066B1EC /* UserManager.swift */ = {isa = PBXFileReference; lastKnownFileType = sourcecode.swift; path = UserManager.swift; sourceTree = "<group>"; };
		F56BFDD32B34501E0066B1EC /* AboutMeViewController.swift */ = {isa = PBXFileReference; lastKnownFileType = sourcecode.swift; path = AboutMeViewController.swift; sourceTree = "<group>"; };
		F56BFDD72B34504C0066B1EC /* UnitsView.swift */ = {isa = PBXFileReference; lastKnownFileType = sourcecode.swift; path = UnitsView.swift; sourceTree = "<group>"; };
		F56BFDDC2B3450850066B1EC /* AboutMeFieldCell.swift */ = {isa = PBXFileReference; lastKnownFileType = sourcecode.swift; path = AboutMeFieldCell.swift; sourceTree = "<group>"; };
		F56BFDDE2B34509B0066B1EC /* GenderFieldView.swift */ = {isa = PBXFileReference; lastKnownFileType = sourcecode.swift; path = GenderFieldView.swift; sourceTree = "<group>"; };
		F56BFDE02B3450AE0066B1EC /* GenderCell.swift */ = {isa = PBXFileReference; lastKnownFileType = sourcecode.swift; path = GenderCell.swift; sourceTree = "<group>"; };
		F56BFDE22B3450C30066B1EC /* BaseAboutMeCollectionCell.swift */ = {isa = PBXFileReference; lastKnownFileType = sourcecode.swift; path = BaseAboutMeCollectionCell.swift; sourceTree = "<group>"; };
		F56BFDE92B3451640066B1EC /* ManagerHeartRate.swift */ = {isa = PBXFileReference; lastKnownFileType = sourcecode.swift; path = ManagerHeartRate.swift; sourceTree = "<group>"; };
		F56BFDEB2B34545F0066B1EC /* AnalyzViewController.swift */ = {isa = PBXFileReference; lastKnownFileType = sourcecode.swift; path = AnalyzViewController.swift; sourceTree = "<group>"; };
		F56BFDED2B3455C90066B1EC /* ProfileViewController.swift */ = {isa = PBXFileReference; lastKnownFileType = sourcecode.swift; path = ProfileViewController.swift; sourceTree = "<group>"; };
		F56BFDEF2B3455DA0066B1EC /* TestViewController.swift */ = {isa = PBXFileReference; lastKnownFileType = sourcecode.swift; path = TestViewController.swift; sourceTree = "<group>"; };
		F56BFDF12B3455E70066B1EC /* DietViewController.swift */ = {isa = PBXFileReference; lastKnownFileType = sourcecode.swift; path = DietViewController.swift; sourceTree = "<group>"; };
		F56BFDF32B3455F80066B1EC /* HistoryViewController.swift */ = {isa = PBXFileReference; lastKnownFileType = sourcecode.swift; path = HistoryViewController.swift; sourceTree = "<group>"; };
/* End PBXFileReference section */

/* Begin PBXFrameworksBuildPhase section */
		F56BFD4F2B3447EA0066B1EC /* Frameworks */ = {
			isa = PBXFrameworksBuildPhase;
			buildActionMask = 2147483647;
			files = (
				A4AFCECFB01076064A64F421 /* Pods_PulseApp_vlad.framework in Frameworks */,
			);
			runOnlyForDeploymentPostprocessing = 0;
		};
		F56BFD652B3447EB0066B1EC /* Frameworks */ = {
			isa = PBXFrameworksBuildPhase;
			buildActionMask = 2147483647;
			files = (
				40E66DBC519C2E7561158269 /* Pods_PulseApp_vladTests.framework in Frameworks */,
			);
			runOnlyForDeploymentPostprocessing = 0;
		};
		F56BFD6F2B3447EB0066B1EC /* Frameworks */ = {
			isa = PBXFrameworksBuildPhase;
			buildActionMask = 2147483647;
			files = (
				FD18C7DDE8CDD5408E2C6874 /* Pods_PulseApp_vlad_PulseApp_vladUITests.framework in Frameworks */,
			);
			runOnlyForDeploymentPostprocessing = 0;
		};
/* End PBXFrameworksBuildPhase section */

/* Begin PBXGroup section */
		5977C6C3A55B87BFC8CE3851 /* Pods */ = {
			isa = PBXGroup;
			children = (
				AFD023AC907259B9CFEF4AF4 /* Pods-PulseApp-vlad.debug.xcconfig */,
				D278B715ED12C818C29369FF /* Pods-PulseApp-vlad.release.xcconfig */,
				6F2E498E12A9E77FBF9508CA /* Pods-PulseApp-vlad-PulseApp-vladUITests.debug.xcconfig */,
				48542826857E4A2B5DC513A1 /* Pods-PulseApp-vlad-PulseApp-vladUITests.release.xcconfig */,
				1B6E0FD77FF9D281BBC4657D /* Pods-PulseApp-vladTests.debug.xcconfig */,
				D8E333A78E880DA93201243A /* Pods-PulseApp-vladTests.release.xcconfig */,
			);
			name = Pods;
			path = Pods;
			sourceTree = "<group>";
		};
		DB8D8A70D1CA55099C9A9F75 /* Frameworks */ = {
			isa = PBXGroup;
			children = (
				CD572874772EE00CED963D29 /* Pods_PulseApp_vlad.framework */,
				959796C2BCB050651000F1B7 /* Pods_PulseApp_vlad_PulseApp_vladUITests.framework */,
				10AACEC835180F489CFD91C0 /* Pods_PulseApp_vladTests.framework */,
			);
			name = Frameworks;
			sourceTree = "<group>";
		};
		F56BFD492B3447EA0066B1EC = {
			isa = PBXGroup;
			children = (
				F56BFD542B3447EA0066B1EC /* PulseApp-vlad */,
				F56BFD6B2B3447EB0066B1EC /* PulseApp-vladTests */,
				F56BFD752B3447EB0066B1EC /* PulseApp-vladUITests */,
				F56BFD532B3447EA0066B1EC /* Products */,
				5977C6C3A55B87BFC8CE3851 /* Pods */,
				DB8D8A70D1CA55099C9A9F75 /* Frameworks */,
			);
			sourceTree = "<group>";
		};
		F56BFD532B3447EA0066B1EC /* Products */ = {
			isa = PBXGroup;
			children = (
				F56BFD522B3447EA0066B1EC /* PulseApp-vlad.app */,
				F56BFD682B3447EB0066B1EC /* PulseApp-vladTests.xctest */,
				F56BFD722B3447EB0066B1EC /* PulseApp-vladUITests.xctest */,
			);
			name = Products;
			sourceTree = "<group>";
		};
		F56BFD542B3447EA0066B1EC /* PulseApp-vlad */ = {
			isa = PBXGroup;
			children = (
				F56BFD852B344B700066B1EC /* Appliaction */,
				F56BFD862B344B7D0066B1EC /* PublicButton */,
				F56BFD892B344C040066B1EC /* TabController */,
				F56BFD8C2B344C4B0066B1EC /* Screens */,
				F56BFDE42B3451240066B1EC /* Helpers */,
				F56BFD592B3447EA0066B1EC /* ViewController.swift */,
				F56BFD5B2B3447EA0066B1EC /* Main.storyboard */,
				F56BFD5E2B3447EB0066B1EC /* Assets.xcassets */,
				F56BFD602B3447EB0066B1EC /* LaunchScreen.storyboard */,
				F56BFD632B3447EB0066B1EC /* Info.plist */,
			);
			path = "PulseApp-vlad";
			sourceTree = "<group>";
		};
		F56BFD6B2B3447EB0066B1EC /* PulseApp-vladTests */ = {
			isa = PBXGroup;
			children = (
				F56BFD6C2B3447EB0066B1EC /* PulseApp_vladTests.swift */,
			);
			path = "PulseApp-vladTests";
			sourceTree = "<group>";
		};
		F56BFD752B3447EB0066B1EC /* PulseApp-vladUITests */ = {
			isa = PBXGroup;
			children = (
				F56BFD762B3447EB0066B1EC /* PulseApp_vladUITests.swift */,
				F56BFD782B3447EB0066B1EC /* PulseApp_vladUITestsLaunchTests.swift */,
			);
			path = "PulseApp-vladUITests";
			sourceTree = "<group>";
		};
		F56BFD852B344B700066B1EC /* Appliaction */ = {
			isa = PBXGroup;
			children = (
				F56BFD552B3447EA0066B1EC /* AppDelegate.swift */,
				F56BFD572B3447EA0066B1EC /* SceneDelegate.swift */,
			);
			path = Appliaction;
			sourceTree = "<group>";
		};
		F56BFD862B344B7D0066B1EC /* PublicButton */ = {
			isa = PBXGroup;
			children = (
				F56BFD872B344BBF0066B1EC /* PublicButton.swift */,
			);
			path = PublicButton;
			sourceTree = "<group>";
		};
		F56BFD892B344C040066B1EC /* TabController */ = {
			isa = PBXGroup;
			children = (
				F56BFD8A2B344C2F0066B1EC /* TabController.swift */,
			);
			path = TabController;
			sourceTree = "<group>";
		};
		F56BFD8C2B344C4B0066B1EC /* Screens */ = {
			isa = PBXGroup;
			children = (
				F56BFD9A2B344D200066B1EC /* BaseVC */,
				F56BFD8D2B344C590066B1EC /* HeartRate */,
				F56BFD912B344C7C0066B1EC /* History */,
				F56BFD902B344C740066B1EC /* Diet */,
				F56BFD8F2B344C6B0066B1EC /* Test */,
				F56BFD8E2B344C610066B1EC /* Profile */,
			);
			path = Screens;
			sourceTree = "<group>";
		};
		F56BFD8D2B344C590066B1EC /* HeartRate */ = {
			isa = PBXGroup;
			children = (
				F56BFD922B344C900066B1EC /* SetupController */,
				F56BFD932B344C9B0066B1EC /* SetupViews */,
				F56BFD942B344CA40066B1EC /* UserSettings */,
				F56BFD952B344CB60066B1EC /* AboutMe */,
				F56BFD962B344CC00066B1EC /* Analyzing */,
			);
			path = HeartRate;
			sourceTree = "<group>";
		};
		F56BFD8E2B344C610066B1EC /* Profile */ = {
			isa = PBXGroup;
			children = (
				F56BFDED2B3455C90066B1EC /* ProfileViewController.swift */,
			);
			path = Profile;
			sourceTree = "<group>";
		};
		F56BFD8F2B344C6B0066B1EC /* Test */ = {
			isa = PBXGroup;
			children = (
				F56BFDEF2B3455DA0066B1EC /* TestViewController.swift */,
			);
			path = Test;
			sourceTree = "<group>";
		};
		F56BFD902B344C740066B1EC /* Diet */ = {
			isa = PBXGroup;
			children = (
				F56BFDF12B3455E70066B1EC /* DietViewController.swift */,
			);
			path = Diet;
			sourceTree = "<group>";
		};
		F56BFD912B344C7C0066B1EC /* History */ = {
			isa = PBXGroup;
			children = (
				F56BFDF32B3455F80066B1EC /* HistoryViewController.swift */,
			);
			path = History;
			sourceTree = "<group>";
		};
		F56BFD922B344C900066B1EC /* SetupController */ = {
			isa = PBXGroup;
			children = (
				F56BFD972B344CEC0066B1EC /* Controller */,
				F56BFD982B344CF50066B1EC /* Extension */,
				F56BFD992B344CFF0066B1EC /* ViewModel */,
			);
			path = SetupController;
			sourceTree = "<group>";
		};
		F56BFD932B344C9B0066B1EC /* SetupViews */ = {
			isa = PBXGroup;
			children = (
				F56BFDA42B344DCE0066B1EC /* ResultStack */,
				F56BFDA52B344DD80066B1EC /* RightNumbersStack */,
				F56BFDA62B344DEF0066B1EC /* ResultView */,
				F56BFDA72B344DF80066B1EC /* ProgressBar */,
				F56BFDA82B344E010066B1EC /* ReusableAlertView */,
			);
			path = SetupViews;
			sourceTree = "<group>";
		};
		F56BFD942B344CA40066B1EC /* UserSettings */ = {
			isa = PBXGroup;
			children = (
				F56BFDBB2B344EF90066B1EC /* UserDefaults */,
				F56BFDBC2B344F020066B1EC /* DefiningPulseType */,
				F56BFDBD2B344F090066B1EC /* BPM */,
				F56BFDBE2B344F130066B1EC /* RealmExtension */,
				F56BFDBF2B344F1B0066B1EC /* QueueManager */,
				F56BFDC02B344F240066B1EC /* Model */,
			);
			path = UserSettings;
			sourceTree = "<group>";
		};
		F56BFD952B344CB60066B1EC /* AboutMe */ = {
			isa = PBXGroup;
			children = (
				F56BFDD22B3450160066B1EC /* Controller */,
				F56BFDD12B34500A0066B1EC /* Views */,
			);
			path = AboutMe;
			sourceTree = "<group>";
		};
		F56BFD962B344CC00066B1EC /* Analyzing */ = {
			isa = PBXGroup;
			children = (
				F56BFDEB2B34545F0066B1EC /* AnalyzViewController.swift */,
			);
			path = Analyzing;
			sourceTree = "<group>";
		};
		F56BFD972B344CEC0066B1EC /* Controller */ = {
			isa = PBXGroup;
			children = (
				F56BFD9E2B344D790066B1EC /* HeartRateController.swift */,
			);
			path = Controller;
			sourceTree = "<group>";
		};
		F56BFD982B344CF50066B1EC /* Extension */ = {
			isa = PBXGroup;
			children = (
				F56BFDA02B344D9C0066B1EC /* Extension.swift */,
			);
			path = Extension;
			sourceTree = "<group>";
		};
		F56BFD992B344CFF0066B1EC /* ViewModel */ = {
			isa = PBXGroup;
			children = (
				F56BFDA22B344DB60066B1EC /* HeartRateViewModel.swift */,
			);
			path = ViewModel;
			sourceTree = "<group>";
		};
		F56BFD9A2B344D200066B1EC /* BaseVC */ = {
			isa = PBXGroup;
			children = (
				F56BFD9C2B344D4B0066B1EC /* BaseViewController.swift */,
			);
			path = BaseVC;
			sourceTree = "<group>";
		};
		F56BFDA42B344DCE0066B1EC /* ResultStack */ = {
			isa = PBXGroup;
			children = (
				F56BFDA92B344E440066B1EC /* ResultStack.swift */,
			);
			path = ResultStack;
			sourceTree = "<group>";
		};
		F56BFDA52B344DD80066B1EC /* RightNumbersStack */ = {
			isa = PBXGroup;
			children = (
				F56BFDAB2B344E590066B1EC /* RightNumbersStack.swift */,
			);
			path = RightNumbersStack;
			sourceTree = "<group>";
		};
		F56BFDA62B344DEF0066B1EC /* ResultView */ = {
			isa = PBXGroup;
			children = (
				F56BFDAD2B344E720066B1EC /* ResultHeartRateStack.swift */,
				F56BFDAF2B344E830066B1EC /* TypeResult.swift */,
				F56BFDB12B344E940066B1EC /* ResultScreen.swift */,
				F56BFDB32B344EA40066B1EC /* ResultView.swift */,
				F56BFDB52B344EB40066B1EC /* PulsTypeButton.swift */,
			);
			path = ResultView;
			sourceTree = "<group>";
		};
		F56BFDA72B344DF80066B1EC /* ProgressBar */ = {
			isa = PBXGroup;
			children = (
				F56BFDB72B344EC80066B1EC /* ProgressBar.swift */,
			);
			path = ProgressBar;
			sourceTree = "<group>";
		};
		F56BFDA82B344E010066B1EC /* ReusableAlertView */ = {
			isa = PBXGroup;
			children = (
				F56BFDB92B344EE00066B1EC /* ReusableAlertView.swift */,
			);
			path = ReusableAlertView;
			sourceTree = "<group>";
		};
		F56BFDBB2B344EF90066B1EC /* UserDefaults */ = {
			isa = PBXGroup;
			children = (
				F56BFDC12B344F5C0066B1EC /* Settings.swift */,
			);
			path = UserDefaults;
			sourceTree = "<group>";
		};
		F56BFDBC2B344F020066B1EC /* DefiningPulseType */ = {
			isa = PBXGroup;
			children = (
				F56BFDC32B344F720066B1EC /* DefiningPulseType.swift */,
			);
			path = DefiningPulseType;
			sourceTree = "<group>";
		};
		F56BFDBD2B344F090066B1EC /* BPM */ = {
			isa = PBXGroup;
			children = (
				F56BFDC52B344F870066B1EC /* BPMUserSettings.swift */,
				F56BFDC72B344F980066B1EC /* BPMUserManager.swift */,
			);
			path = BPM;
			sourceTree = "<group>";
		};
		F56BFDBE2B344F130066B1EC /* RealmExtension */ = {
			isa = PBXGroup;
			children = (
				F56BFDC92B344FB20066B1EC /* RealmExtension.swift */,
			);
			path = RealmExtension;
			sourceTree = "<group>";
		};
		F56BFDBF2B344F1B0066B1EC /* QueueManager */ = {
			isa = PBXGroup;
			children = (
				F56BFDCB2B344FC40066B1EC /* QueueManager.swift */,
			);
			path = QueueManager;
			sourceTree = "<group>";
		};
		F56BFDC02B344F240066B1EC /* Model */ = {
			isa = PBXGroup;
			children = (
				F56BFDCD2B344FD60066B1EC /* UserModel.swift */,
				F56BFDCF2B344FE60066B1EC /* UserManager.swift */,
			);
			path = Model;
			sourceTree = "<group>";
		};
		F56BFDD12B34500A0066B1EC /* Views */ = {
			isa = PBXGroup;
			children = (
				F56BFDD62B3450430066B1EC /* Units */,
				F56BFDD52B3450390066B1EC /* Cells */,
			);
			path = Views;
			sourceTree = "<group>";
		};
		F56BFDD22B3450160066B1EC /* Controller */ = {
			isa = PBXGroup;
			children = (
				F56BFDD32B34501E0066B1EC /* AboutMeViewController.swift */,
			);
			path = Controller;
			sourceTree = "<group>";
		};
		F56BFDD52B3450390066B1EC /* Cells */ = {
			isa = PBXGroup;
			children = (
				F56BFDDB2B3450790066B1EC /* AboutMeFieldCell */,
				F56BFDDA2B3450710066B1EC /* GenderCell */,
				F56BFDD92B34506A0066B1EC /* Base */,
			);
			path = Cells;
			sourceTree = "<group>";
		};
		F56BFDD62B3450430066B1EC /* Units */ = {
			isa = PBXGroup;
			children = (
				F56BFDD72B34504C0066B1EC /* UnitsView.swift */,
			);
			path = Units;
			sourceTree = "<group>";
		};
		F56BFDD92B34506A0066B1EC /* Base */ = {
			isa = PBXGroup;
			children = (
				F56BFDE22B3450C30066B1EC /* BaseAboutMeCollectionCell.swift */,
			);
			path = Base;
			sourceTree = "<group>";
		};
		F56BFDDA2B3450710066B1EC /* GenderCell */ = {
			isa = PBXGroup;
			children = (
				F56BFDDE2B34509B0066B1EC /* GenderFieldView.swift */,
				F56BFDE02B3450AE0066B1EC /* GenderCell.swift */,
			);
			path = GenderCell;
			sourceTree = "<group>";
		};
		F56BFDDB2B3450790066B1EC /* AboutMeFieldCell */ = {
			isa = PBXGroup;
			children = (
				F56BFDDC2B3450850066B1EC /* AboutMeFieldCell.swift */,
			);
			path = AboutMeFieldCell;
			sourceTree = "<group>";
		};
		F56BFDE42B3451240066B1EC /* Helpers */ = {
			isa = PBXGroup;
			children = (
				F56BFDE82B34515A0066B1EC /* ManagerHeart */,
				F56BFDE72B3451510066B1EC /* Detector Helpers */,
				F56BFDE62B3451440066B1EC /* ExtensionHeart */,
				F56BFDE52B34513D0066B1EC /* UtilitesHeart */,
			);
			path = Helpers;
			sourceTree = "<group>";
		};
		F56BFDE52B34513D0066B1EC /* UtilitesHeart */ = {
			isa = PBXGroup;
			children = (
			);
			path = UtilitesHeart;
			sourceTree = "<group>";
		};
		F56BFDE62B3451440066B1EC /* ExtensionHeart */ = {
			isa = PBXGroup;
			children = (
			);
			path = ExtensionHeart;
			sourceTree = "<group>";
		};
		F56BFDE72B3451510066B1EC /* Detector Helpers */ = {
			isa = PBXGroup;
			children = (
			);
			path = "Detector Helpers";
			sourceTree = "<group>";
		};
		F56BFDE82B34515A0066B1EC /* ManagerHeart */ = {
			isa = PBXGroup;
			children = (
				F56BFDE92B3451640066B1EC /* ManagerHeartRate.swift */,
			);
			path = ManagerHeart;
			sourceTree = "<group>";
		};
/* End PBXGroup section */

/* Begin PBXNativeTarget section */
		F56BFD512B3447EA0066B1EC /* PulseApp-vlad */ = {
			isa = PBXNativeTarget;
			buildConfigurationList = F56BFD7C2B3447EB0066B1EC /* Build configuration list for PBXNativeTarget "PulseApp-vlad" */;
			buildPhases = (
				BA3340BF75C1190CF6074EED /* [CP] Check Pods Manifest.lock */,
				F56BFD4E2B3447EA0066B1EC /* Sources */,
				F56BFD4F2B3447EA0066B1EC /* Frameworks */,
				F56BFD502B3447EA0066B1EC /* Resources */,
				F8FF94C7A3CA71E14765FAB3 /* [CP] Embed Pods Frameworks */,
			);
			buildRules = (
			);
			dependencies = (
			);
			name = "PulseApp-vlad";
			productName = "PulseApp-vlad";
			productReference = F56BFD522B3447EA0066B1EC /* PulseApp-vlad.app */;
			productType = "com.apple.product-type.application";
		};
		F56BFD672B3447EB0066B1EC /* PulseApp-vladTests */ = {
			isa = PBXNativeTarget;
			buildConfigurationList = F56BFD7F2B3447EB0066B1EC /* Build configuration list for PBXNativeTarget "PulseApp-vladTests" */;
			buildPhases = (
				32CF078E908EB06535401471 /* [CP] Check Pods Manifest.lock */,
				F56BFD642B3447EB0066B1EC /* Sources */,
				F56BFD652B3447EB0066B1EC /* Frameworks */,
				F56BFD662B3447EB0066B1EC /* Resources */,
			);
			buildRules = (
			);
			dependencies = (
				F56BFD6A2B3447EB0066B1EC /* PBXTargetDependency */,
			);
			name = "PulseApp-vladTests";
			productName = "PulseApp-vladTests";
			productReference = F56BFD682B3447EB0066B1EC /* PulseApp-vladTests.xctest */;
			productType = "com.apple.product-type.bundle.unit-test";
		};
		F56BFD712B3447EB0066B1EC /* PulseApp-vladUITests */ = {
			isa = PBXNativeTarget;
			buildConfigurationList = F56BFD822B3447EB0066B1EC /* Build configuration list for PBXNativeTarget "PulseApp-vladUITests" */;
			buildPhases = (
				C5176A0431CDDF4DBC83A902 /* [CP] Check Pods Manifest.lock */,
				F56BFD6E2B3447EB0066B1EC /* Sources */,
				F56BFD6F2B3447EB0066B1EC /* Frameworks */,
				F56BFD702B3447EB0066B1EC /* Resources */,
				D913796DF776156FEDCBEC42 /* [CP] Embed Pods Frameworks */,
			);
			buildRules = (
			);
			dependencies = (
				F56BFD742B3447EB0066B1EC /* PBXTargetDependency */,
			);
			name = "PulseApp-vladUITests";
			productName = "PulseApp-vladUITests";
			productReference = F56BFD722B3447EB0066B1EC /* PulseApp-vladUITests.xctest */;
			productType = "com.apple.product-type.bundle.ui-testing";
		};
/* End PBXNativeTarget section */

/* Begin PBXProject section */
		F56BFD4A2B3447EA0066B1EC /* Project object */ = {
			isa = PBXProject;
			attributes = {
				BuildIndependentTargetsInParallel = 1;
				LastSwiftUpdateCheck = 1500;
				LastUpgradeCheck = 1500;
				TargetAttributes = {
					F56BFD512B3447EA0066B1EC = {
						CreatedOnToolsVersion = 15.0;
					};
					F56BFD672B3447EB0066B1EC = {
						CreatedOnToolsVersion = 15.0;
						TestTargetID = F56BFD512B3447EA0066B1EC;
					};
					F56BFD712B3447EB0066B1EC = {
						CreatedOnToolsVersion = 15.0;
						TestTargetID = F56BFD512B3447EA0066B1EC;
					};
				};
			};
			buildConfigurationList = F56BFD4D2B3447EA0066B1EC /* Build configuration list for PBXProject "PulseApp-vlad" */;
			compatibilityVersion = "Xcode 14.0";
			developmentRegion = en;
			hasScannedForEncodings = 0;
			knownRegions = (
				en,
				Base,
			);
			mainGroup = F56BFD492B3447EA0066B1EC;
			productRefGroup = F56BFD532B3447EA0066B1EC /* Products */;
			projectDirPath = "";
			projectRoot = "";
			targets = (
				F56BFD512B3447EA0066B1EC /* PulseApp-vlad */,
				F56BFD672B3447EB0066B1EC /* PulseApp-vladTests */,
				F56BFD712B3447EB0066B1EC /* PulseApp-vladUITests */,
			);
		};
/* End PBXProject section */

/* Begin PBXResourcesBuildPhase section */
		F56BFD502B3447EA0066B1EC /* Resources */ = {
			isa = PBXResourcesBuildPhase;
			buildActionMask = 2147483647;
			files = (
				F56BFD622B3447EB0066B1EC /* LaunchScreen.storyboard in Resources */,
				F56BFD5F2B3447EB0066B1EC /* Assets.xcassets in Resources */,
				F56BFD5D2B3447EA0066B1EC /* Main.storyboard in Resources */,
			);
			runOnlyForDeploymentPostprocessing = 0;
		};
		F56BFD662B3447EB0066B1EC /* Resources */ = {
			isa = PBXResourcesBuildPhase;
			buildActionMask = 2147483647;
			files = (
			);
			runOnlyForDeploymentPostprocessing = 0;
		};
		F56BFD702B3447EB0066B1EC /* Resources */ = {
			isa = PBXResourcesBuildPhase;
			buildActionMask = 2147483647;
			files = (
			);
			runOnlyForDeploymentPostprocessing = 0;
		};
/* End PBXResourcesBuildPhase section */

/* Begin PBXShellScriptBuildPhase section */
		32CF078E908EB06535401471 /* [CP] Check Pods Manifest.lock */ = {
			isa = PBXShellScriptBuildPhase;
			buildActionMask = 2147483647;
			files = (
			);
			inputFileListPaths = (
			);
			inputPaths = (
				"${PODS_PODFILE_DIR_PATH}/Podfile.lock",
				"${PODS_ROOT}/Manifest.lock",
			);
			name = "[CP] Check Pods Manifest.lock";
			outputFileListPaths = (
			);
			outputPaths = (
				"$(DERIVED_FILE_DIR)/Pods-PulseApp-vladTests-checkManifestLockResult.txt",
			);
			runOnlyForDeploymentPostprocessing = 0;
			shellPath = /bin/sh;
			shellScript = "diff \"${PODS_PODFILE_DIR_PATH}/Podfile.lock\" \"${PODS_ROOT}/Manifest.lock\" > /dev/null\nif [ $? != 0 ] ; then\n    # print error to STDERR\n    echo \"error: The sandbox is not in sync with the Podfile.lock. Run 'pod install' or update your CocoaPods installation.\" >&2\n    exit 1\nfi\n# This output is used by Xcode 'outputs' to avoid re-running this script phase.\necho \"SUCCESS\" > \"${SCRIPT_OUTPUT_FILE_0}\"\n";
			showEnvVarsInLog = 0;
		};
		BA3340BF75C1190CF6074EED /* [CP] Check Pods Manifest.lock */ = {
			isa = PBXShellScriptBuildPhase;
			buildActionMask = 2147483647;
			files = (
			);
			inputFileListPaths = (
			);
			inputPaths = (
				"${PODS_PODFILE_DIR_PATH}/Podfile.lock",
				"${PODS_ROOT}/Manifest.lock",
			);
			name = "[CP] Check Pods Manifest.lock";
			outputFileListPaths = (
			);
			outputPaths = (
				"$(DERIVED_FILE_DIR)/Pods-PulseApp-vlad-checkManifestLockResult.txt",
			);
			runOnlyForDeploymentPostprocessing = 0;
			shellPath = /bin/sh;
			shellScript = "diff \"${PODS_PODFILE_DIR_PATH}/Podfile.lock\" \"${PODS_ROOT}/Manifest.lock\" > /dev/null\nif [ $? != 0 ] ; then\n    # print error to STDERR\n    echo \"error: The sandbox is not in sync with the Podfile.lock. Run 'pod install' or update your CocoaPods installation.\" >&2\n    exit 1\nfi\n# This output is used by Xcode 'outputs' to avoid re-running this script phase.\necho \"SUCCESS\" > \"${SCRIPT_OUTPUT_FILE_0}\"\n";
			showEnvVarsInLog = 0;
		};
		C5176A0431CDDF4DBC83A902 /* [CP] Check Pods Manifest.lock */ = {
			isa = PBXShellScriptBuildPhase;
			buildActionMask = 2147483647;
			files = (
			);
			inputFileListPaths = (
			);
			inputPaths = (
				"${PODS_PODFILE_DIR_PATH}/Podfile.lock",
				"${PODS_ROOT}/Manifest.lock",
			);
			name = "[CP] Check Pods Manifest.lock";
			outputFileListPaths = (
			);
			outputPaths = (
				"$(DERIVED_FILE_DIR)/Pods-PulseApp-vlad-PulseApp-vladUITests-checkManifestLockResult.txt",
			);
			runOnlyForDeploymentPostprocessing = 0;
			shellPath = /bin/sh;
			shellScript = "diff \"${PODS_PODFILE_DIR_PATH}/Podfile.lock\" \"${PODS_ROOT}/Manifest.lock\" > /dev/null\nif [ $? != 0 ] ; then\n    # print error to STDERR\n    echo \"error: The sandbox is not in sync with the Podfile.lock. Run 'pod install' or update your CocoaPods installation.\" >&2\n    exit 1\nfi\n# This output is used by Xcode 'outputs' to avoid re-running this script phase.\necho \"SUCCESS\" > \"${SCRIPT_OUTPUT_FILE_0}\"\n";
			showEnvVarsInLog = 0;
		};
		D913796DF776156FEDCBEC42 /* [CP] Embed Pods Frameworks */ = {
			isa = PBXShellScriptBuildPhase;
			buildActionMask = 2147483647;
			files = (
			);
			inputFileListPaths = (
				"${PODS_ROOT}/Target Support Files/Pods-PulseApp-vlad-PulseApp-vladUITests/Pods-PulseApp-vlad-PulseApp-vladUITests-frameworks-${CONFIGURATION}-input-files.xcfilelist",
			);
			name = "[CP] Embed Pods Frameworks";
			outputFileListPaths = (
				"${PODS_ROOT}/Target Support Files/Pods-PulseApp-vlad-PulseApp-vladUITests/Pods-PulseApp-vlad-PulseApp-vladUITests-frameworks-${CONFIGURATION}-output-files.xcfilelist",
			);
			runOnlyForDeploymentPostprocessing = 0;
			shellPath = /bin/sh;
			shellScript = "\"${PODS_ROOT}/Target Support Files/Pods-PulseApp-vlad-PulseApp-vladUITests/Pods-PulseApp-vlad-PulseApp-vladUITests-frameworks.sh\"\n";
			showEnvVarsInLog = 0;
		};
		F8FF94C7A3CA71E14765FAB3 /* [CP] Embed Pods Frameworks */ = {
			isa = PBXShellScriptBuildPhase;
			buildActionMask = 2147483647;
			files = (
			);
			inputFileListPaths = (
				"${PODS_ROOT}/Target Support Files/Pods-PulseApp-vlad/Pods-PulseApp-vlad-frameworks-${CONFIGURATION}-input-files.xcfilelist",
			);
			name = "[CP] Embed Pods Frameworks";
			outputFileListPaths = (
				"${PODS_ROOT}/Target Support Files/Pods-PulseApp-vlad/Pods-PulseApp-vlad-frameworks-${CONFIGURATION}-output-files.xcfilelist",
			);
			runOnlyForDeploymentPostprocessing = 0;
			shellPath = /bin/sh;
			shellScript = "\"${PODS_ROOT}/Target Support Files/Pods-PulseApp-vlad/Pods-PulseApp-vlad-frameworks.sh\"\n";
			showEnvVarsInLog = 0;
		};
/* End PBXShellScriptBuildPhase section */

/* Begin PBXSourcesBuildPhase section */
		F56BFD4E2B3447EA0066B1EC /* Sources */ = {
			isa = PBXSourcesBuildPhase;
			buildActionMask = 2147483647;
			files = (
				F56BFD8B2B344C2F0066B1EC /* TabController.swift in Sources */,
				F56BFDB82B344EC80066B1EC /* ProgressBar.swift in Sources */,
				F56BFDB62B344EB40066B1EC /* PulsTypeButton.swift in Sources */,
				F56BFDAA2B344E450066B1EC /* ResultStack.swift in Sources */,
				F56BFDB42B344EA40066B1EC /* ResultView.swift in Sources */,
				F56BFD882B344BBF0066B1EC /* PublicButton.swift in Sources */,
				F56BFD5A2B3447EA0066B1EC /* ViewController.swift in Sources */,
				F56BFDE12B3450AF0066B1EC /* GenderCell.swift in Sources */,
				F56BFD562B3447EA0066B1EC /* AppDelegate.swift in Sources */,
				F56BFDCE2B344FD60066B1EC /* UserModel.swift in Sources */,
				F56BFDBA2B344EE00066B1EC /* ReusableAlertView.swift in Sources */,
				F56BFDCA2B344FB20066B1EC /* RealmExtension.swift in Sources */,
				F56BFD582B3447EA0066B1EC /* SceneDelegate.swift in Sources */,
				F56BFDF22B3455E70066B1EC /* DietViewController.swift in Sources */,
				F56BFDD82B34504C0066B1EC /* UnitsView.swift in Sources */,
				F56BFDEA2B3451640066B1EC /* ManagerHeartRate.swift in Sources */,
				F56BFDE32B3450C30066B1EC /* BaseAboutMeCollectionCell.swift in Sources */,
				F56BFDB22B344E940066B1EC /* ResultScreen.swift in Sources */,
				F56BFD9F2B344D790066B1EC /* HeartRateController.swift in Sources */,
				F56BFDA32B344DB60066B1EC /* HeartRateViewModel.swift in Sources */,
				F56BFDDF2B34509B0066B1EC /* GenderFieldView.swift in Sources */,
				F56BFDB02B344E830066B1EC /* TypeResult.swift in Sources */,
				F56BFDDD2B3450850066B1EC /* AboutMeFieldCell.swift in Sources */,
				F56BFDD02B344FE60066B1EC /* UserManager.swift in Sources */,
				F56BFD9D2B344D4B0066B1EC /* BaseViewController.swift in Sources */,
				F56BFDAC2B344E590066B1EC /* RightNumbersStack.swift in Sources */,
				F56BFDEC2B34545F0066B1EC /* AnalyzViewController.swift in Sources */,
				F56BFDAE2B344E720066B1EC /* ResultHeartRateStack.swift in Sources */,
				F56BFDC62B344F870066B1EC /* BPMUserSettings.swift in Sources */,
				F56BFDC82B344F990066B1EC /* BPMUserManager.swift in Sources */,
				F56BFDC42B344F720066B1EC /* DefiningPulseType.swift in Sources */,
				F56BFDCC2B344FC40066B1EC /* QueueManager.swift in Sources */,
				F56BFDA12B344D9C0066B1EC /* Extension.swift in Sources */,
				F56BFDEE2B3455C90066B1EC /* ProfileViewController.swift in Sources */,
				F56BFDD42B34501E0066B1EC /* AboutMeViewController.swift in Sources */,
				F56BFDF42B3455F80066B1EC /* HistoryViewController.swift in Sources */,
				F56BFDF02B3455DA0066B1EC /* TestViewController.swift in Sources */,
				F56BFDC22B344F5C0066B1EC /* Settings.swift in Sources */,
			);
			runOnlyForDeploymentPostprocessing = 0;
		};
		F56BFD642B3447EB0066B1EC /* Sources */ = {
			isa = PBXSourcesBuildPhase;
			buildActionMask = 2147483647;
			files = (
				F56BFD6D2B3447EB0066B1EC /* PulseApp_vladTests.swift in Sources */,
			);
			runOnlyForDeploymentPostprocessing = 0;
		};
		F56BFD6E2B3447EB0066B1EC /* Sources */ = {
			isa = PBXSourcesBuildPhase;
			buildActionMask = 2147483647;
			files = (
				F56BFD772B3447EB0066B1EC /* PulseApp_vladUITests.swift in Sources */,
				F56BFD792B3447EB0066B1EC /* PulseApp_vladUITestsLaunchTests.swift in Sources */,
			);
			runOnlyForDeploymentPostprocessing = 0;
		};
/* End PBXSourcesBuildPhase section */

/* Begin PBXTargetDependency section */
		F56BFD6A2B3447EB0066B1EC /* PBXTargetDependency */ = {
			isa = PBXTargetDependency;
			target = F56BFD512B3447EA0066B1EC /* PulseApp-vlad */;
			targetProxy = F56BFD692B3447EB0066B1EC /* PBXContainerItemProxy */;
		};
		F56BFD742B3447EB0066B1EC /* PBXTargetDependency */ = {
			isa = PBXTargetDependency;
			target = F56BFD512B3447EA0066B1EC /* PulseApp-vlad */;
			targetProxy = F56BFD732B3447EB0066B1EC /* PBXContainerItemProxy */;
		};
/* End PBXTargetDependency section */

/* Begin PBXVariantGroup section */
		F56BFD5B2B3447EA0066B1EC /* Main.storyboard */ = {
			isa = PBXVariantGroup;
			children = (
				F56BFD5C2B3447EA0066B1EC /* Base */,
			);
			name = Main.storyboard;
			sourceTree = "<group>";
		};
		F56BFD602B3447EB0066B1EC /* LaunchScreen.storyboard */ = {
			isa = PBXVariantGroup;
			children = (
				F56BFD612B3447EB0066B1EC /* Base */,
			);
			name = LaunchScreen.storyboard;
			sourceTree = "<group>";
		};
/* End PBXVariantGroup section */

/* Begin XCBuildConfiguration section */
		F56BFD7A2B3447EB0066B1EC /* Debug */ = {
			isa = XCBuildConfiguration;
			buildSettings = {
				ALWAYS_SEARCH_USER_PATHS = NO;
				ASSETCATALOG_COMPILER_GENERATE_SWIFT_ASSET_SYMBOL_EXTENSIONS = YES;
				CLANG_ANALYZER_NONNULL = YES;
				CLANG_ANALYZER_NUMBER_OBJECT_CONVERSION = YES_AGGRESSIVE;
				CLANG_CXX_LANGUAGE_STANDARD = "gnu++20";
				CLANG_ENABLE_MODULES = YES;
				CLANG_ENABLE_OBJC_ARC = YES;
				CLANG_ENABLE_OBJC_WEAK = YES;
				CLANG_WARN_BLOCK_CAPTURE_AUTORELEASING = YES;
				CLANG_WARN_BOOL_CONVERSION = YES;
				CLANG_WARN_COMMA = YES;
				CLANG_WARN_CONSTANT_CONVERSION = YES;
				CLANG_WARN_DEPRECATED_OBJC_IMPLEMENTATIONS = YES;
				CLANG_WARN_DIRECT_OBJC_ISA_USAGE = YES_ERROR;
				CLANG_WARN_DOCUMENTATION_COMMENTS = YES;
				CLANG_WARN_EMPTY_BODY = YES;
				CLANG_WARN_ENUM_CONVERSION = YES;
				CLANG_WARN_INFINITE_RECURSION = YES;
				CLANG_WARN_INT_CONVERSION = YES;
				CLANG_WARN_NON_LITERAL_NULL_CONVERSION = YES;
				CLANG_WARN_OBJC_IMPLICIT_RETAIN_SELF = YES;
				CLANG_WARN_OBJC_LITERAL_CONVERSION = YES;
				CLANG_WARN_OBJC_ROOT_CLASS = YES_ERROR;
				CLANG_WARN_QUOTED_INCLUDE_IN_FRAMEWORK_HEADER = YES;
				CLANG_WARN_RANGE_LOOP_ANALYSIS = YES;
				CLANG_WARN_STRICT_PROTOTYPES = YES;
				CLANG_WARN_SUSPICIOUS_MOVE = YES;
				CLANG_WARN_UNGUARDED_AVAILABILITY = YES_AGGRESSIVE;
				CLANG_WARN_UNREACHABLE_CODE = YES;
				CLANG_WARN__DUPLICATE_METHOD_MATCH = YES;
				COPY_PHASE_STRIP = NO;
				DEBUG_INFORMATION_FORMAT = dwarf;
				ENABLE_STRICT_OBJC_MSGSEND = YES;
				ENABLE_TESTABILITY = YES;
				ENABLE_USER_SCRIPT_SANDBOXING = YES;
				GCC_C_LANGUAGE_STANDARD = gnu17;
				GCC_DYNAMIC_NO_PIC = NO;
				GCC_NO_COMMON_BLOCKS = YES;
				GCC_OPTIMIZATION_LEVEL = 0;
				GCC_PREPROCESSOR_DEFINITIONS = (
					"DEBUG=1",
					"$(inherited)",
				);
				GCC_WARN_64_TO_32_BIT_CONVERSION = YES;
				GCC_WARN_ABOUT_RETURN_TYPE = YES_ERROR;
				GCC_WARN_UNDECLARED_SELECTOR = YES;
				GCC_WARN_UNINITIALIZED_AUTOS = YES_AGGRESSIVE;
				GCC_WARN_UNUSED_FUNCTION = YES;
				GCC_WARN_UNUSED_VARIABLE = YES;
				IPHONEOS_DEPLOYMENT_TARGET = 17.0;
				LOCALIZATION_PREFERS_STRING_CATALOGS = YES;
				MTL_ENABLE_DEBUG_INFO = INCLUDE_SOURCE;
				MTL_FAST_MATH = YES;
				ONLY_ACTIVE_ARCH = YES;
				SDKROOT = iphoneos;
				SWIFT_ACTIVE_COMPILATION_CONDITIONS = "DEBUG $(inherited)";
				SWIFT_OPTIMIZATION_LEVEL = "-Onone";
			};
			name = Debug;
		};
		F56BFD7B2B3447EB0066B1EC /* Release */ = {
			isa = XCBuildConfiguration;
			buildSettings = {
				ALWAYS_SEARCH_USER_PATHS = NO;
				ASSETCATALOG_COMPILER_GENERATE_SWIFT_ASSET_SYMBOL_EXTENSIONS = YES;
				CLANG_ANALYZER_NONNULL = YES;
				CLANG_ANALYZER_NUMBER_OBJECT_CONVERSION = YES_AGGRESSIVE;
				CLANG_CXX_LANGUAGE_STANDARD = "gnu++20";
				CLANG_ENABLE_MODULES = YES;
				CLANG_ENABLE_OBJC_ARC = YES;
				CLANG_ENABLE_OBJC_WEAK = YES;
				CLANG_WARN_BLOCK_CAPTURE_AUTORELEASING = YES;
				CLANG_WARN_BOOL_CONVERSION = YES;
				CLANG_WARN_COMMA = YES;
				CLANG_WARN_CONSTANT_CONVERSION = YES;
				CLANG_WARN_DEPRECATED_OBJC_IMPLEMENTATIONS = YES;
				CLANG_WARN_DIRECT_OBJC_ISA_USAGE = YES_ERROR;
				CLANG_WARN_DOCUMENTATION_COMMENTS = YES;
				CLANG_WARN_EMPTY_BODY = YES;
				CLANG_WARN_ENUM_CONVERSION = YES;
				CLANG_WARN_INFINITE_RECURSION = YES;
				CLANG_WARN_INT_CONVERSION = YES;
				CLANG_WARN_NON_LITERAL_NULL_CONVERSION = YES;
				CLANG_WARN_OBJC_IMPLICIT_RETAIN_SELF = YES;
				CLANG_WARN_OBJC_LITERAL_CONVERSION = YES;
				CLANG_WARN_OBJC_ROOT_CLASS = YES_ERROR;
				CLANG_WARN_QUOTED_INCLUDE_IN_FRAMEWORK_HEADER = YES;
				CLANG_WARN_RANGE_LOOP_ANALYSIS = YES;
				CLANG_WARN_STRICT_PROTOTYPES = YES;
				CLANG_WARN_SUSPICIOUS_MOVE = YES;
				CLANG_WARN_UNGUARDED_AVAILABILITY = YES_AGGRESSIVE;
				CLANG_WARN_UNREACHABLE_CODE = YES;
				CLANG_WARN__DUPLICATE_METHOD_MATCH = YES;
				COPY_PHASE_STRIP = NO;
				DEBUG_INFORMATION_FORMAT = "dwarf-with-dsym";
				ENABLE_NS_ASSERTIONS = NO;
				ENABLE_STRICT_OBJC_MSGSEND = YES;
				ENABLE_USER_SCRIPT_SANDBOXING = YES;
				GCC_C_LANGUAGE_STANDARD = gnu17;
				GCC_NO_COMMON_BLOCKS = YES;
				GCC_WARN_64_TO_32_BIT_CONVERSION = YES;
				GCC_WARN_ABOUT_RETURN_TYPE = YES_ERROR;
				GCC_WARN_UNDECLARED_SELECTOR = YES;
				GCC_WARN_UNINITIALIZED_AUTOS = YES_AGGRESSIVE;
				GCC_WARN_UNUSED_FUNCTION = YES;
				GCC_WARN_UNUSED_VARIABLE = YES;
				IPHONEOS_DEPLOYMENT_TARGET = 17.0;
				LOCALIZATION_PREFERS_STRING_CATALOGS = YES;
				MTL_ENABLE_DEBUG_INFO = NO;
				MTL_FAST_MATH = YES;
				SDKROOT = iphoneos;
				SWIFT_COMPILATION_MODE = wholemodule;
				VALIDATE_PRODUCT = YES;
			};
			name = Release;
		};
		F56BFD7D2B3447EB0066B1EC /* Debug */ = {
			isa = XCBuildConfiguration;
			baseConfigurationReference = AFD023AC907259B9CFEF4AF4 /* Pods-PulseApp-vlad.debug.xcconfig */;
			buildSettings = {
				ASSETCATALOG_COMPILER_APPICON_NAME = AppIcon;
				ASSETCATALOG_COMPILER_GLOBAL_ACCENT_COLOR_NAME = AccentColor;
				CODE_SIGN_STYLE = Automatic;
				CURRENT_PROJECT_VERSION = 1;
				DEVELOPMENT_TEAM = QYJ996Y32P;
				GENERATE_INFOPLIST_FILE = YES;
				INFOPLIST_FILE = "PulseApp-vlad/Info.plist";
				INFOPLIST_KEY_UIApplicationSupportsIndirectInputEvents = YES;
				INFOPLIST_KEY_UILaunchStoryboardName = LaunchScreen;
				INFOPLIST_KEY_UIMainStoryboardFile = Main;
				INFOPLIST_KEY_UISupportedInterfaceOrientations_iPad = "UIInterfaceOrientationPortrait UIInterfaceOrientationPortraitUpsideDown UIInterfaceOrientationLandscapeLeft UIInterfaceOrientationLandscapeRight";
				INFOPLIST_KEY_UISupportedInterfaceOrientations_iPhone = "UIInterfaceOrientationPortrait UIInterfaceOrientationLandscapeLeft UIInterfaceOrientationLandscapeRight";
				LD_RUNPATH_SEARCH_PATHS = (
					"$(inherited)",
					"@executable_path/Frameworks",
				);
				MARKETING_VERSION = 1.0;
				PRODUCT_BUNDLE_IDENTIFIER = "vladislavikys.PulseApp-vlad";
				PRODUCT_NAME = "$(TARGET_NAME)";
				SWIFT_EMIT_LOC_STRINGS = YES;
				SWIFT_VERSION = 5.0;
				TARGETED_DEVICE_FAMILY = "1,2";
			};
			name = Debug;
		};
		F56BFD7E2B3447EB0066B1EC /* Release */ = {
			isa = XCBuildConfiguration;
			baseConfigurationReference = D278B715ED12C818C29369FF /* Pods-PulseApp-vlad.release.xcconfig */;
			buildSettings = {
				ASSETCATALOG_COMPILER_APPICON_NAME = AppIcon;
				ASSETCATALOG_COMPILER_GLOBAL_ACCENT_COLOR_NAME = AccentColor;
				CODE_SIGN_STYLE = Automatic;
				CURRENT_PROJECT_VERSION = 1;
				DEVELOPMENT_TEAM = QYJ996Y32P;
				GENERATE_INFOPLIST_FILE = YES;
				INFOPLIST_FILE = "PulseApp-vlad/Info.plist";
				INFOPLIST_KEY_UIApplicationSupportsIndirectInputEvents = YES;
				INFOPLIST_KEY_UILaunchStoryboardName = LaunchScreen;
				INFOPLIST_KEY_UIMainStoryboardFile = Main;
				INFOPLIST_KEY_UISupportedInterfaceOrientations_iPad = "UIInterfaceOrientationPortrait UIInterfaceOrientationPortraitUpsideDown UIInterfaceOrientationLandscapeLeft UIInterfaceOrientationLandscapeRight";
				INFOPLIST_KEY_UISupportedInterfaceOrientations_iPhone = "UIInterfaceOrientationPortrait UIInterfaceOrientationLandscapeLeft UIInterfaceOrientationLandscapeRight";
				LD_RUNPATH_SEARCH_PATHS = (
					"$(inherited)",
					"@executable_path/Frameworks",
				);
				MARKETING_VERSION = 1.0;
				PRODUCT_BUNDLE_IDENTIFIER = "vladislavikys.PulseApp-vlad";
				PRODUCT_NAME = "$(TARGET_NAME)";
				SWIFT_EMIT_LOC_STRINGS = YES;
				SWIFT_VERSION = 5.0;
				TARGETED_DEVICE_FAMILY = "1,2";
			};
			name = Release;
		};
		F56BFD802B3447EB0066B1EC /* Debug */ = {
			isa = XCBuildConfiguration;
			baseConfigurationReference = 1B6E0FD77FF9D281BBC4657D /* Pods-PulseApp-vladTests.debug.xcconfig */;
			buildSettings = {
				ALWAYS_EMBED_SWIFT_STANDARD_LIBRARIES = YES;
				BUNDLE_LOADER = "$(TEST_HOST)";
				CODE_SIGN_STYLE = Automatic;
				CURRENT_PROJECT_VERSION = 1;
				DEVELOPMENT_TEAM = QYJ996Y32P;
				GENERATE_INFOPLIST_FILE = YES;
				IPHONEOS_DEPLOYMENT_TARGET = 17.0;
				MARKETING_VERSION = 1.0;
				PRODUCT_BUNDLE_IDENTIFIER = "vladislavikys.PulseApp-vladTests";
				PRODUCT_NAME = "$(TARGET_NAME)";
				SWIFT_EMIT_LOC_STRINGS = NO;
				SWIFT_VERSION = 5.0;
				TARGETED_DEVICE_FAMILY = "1,2";
				TEST_HOST = "$(BUILT_PRODUCTS_DIR)/PulseApp-vlad.app/$(BUNDLE_EXECUTABLE_FOLDER_PATH)/PulseApp-vlad";
			};
			name = Debug;
		};
		F56BFD812B3447EB0066B1EC /* Release */ = {
			isa = XCBuildConfiguration;
			baseConfigurationReference = D8E333A78E880DA93201243A /* Pods-PulseApp-vladTests.release.xcconfig */;
			buildSettings = {
				ALWAYS_EMBED_SWIFT_STANDARD_LIBRARIES = YES;
				BUNDLE_LOADER = "$(TEST_HOST)";
				CODE_SIGN_STYLE = Automatic;
				CURRENT_PROJECT_VERSION = 1;
				DEVELOPMENT_TEAM = QYJ996Y32P;
				GENERATE_INFOPLIST_FILE = YES;
				IPHONEOS_DEPLOYMENT_TARGET = 17.0;
				MARKETING_VERSION = 1.0;
				PRODUCT_BUNDLE_IDENTIFIER = "vladislavikys.PulseApp-vladTests";
				PRODUCT_NAME = "$(TARGET_NAME)";
				SWIFT_EMIT_LOC_STRINGS = NO;
				SWIFT_VERSION = 5.0;
				TARGETED_DEVICE_FAMILY = "1,2";
				TEST_HOST = "$(BUILT_PRODUCTS_DIR)/PulseApp-vlad.app/$(BUNDLE_EXECUTABLE_FOLDER_PATH)/PulseApp-vlad";
			};
			name = Release;
		};
		F56BFD832B3447EB0066B1EC /* Debug */ = {
			isa = XCBuildConfiguration;
			baseConfigurationReference = 6F2E498E12A9E77FBF9508CA /* Pods-PulseApp-vlad-PulseApp-vladUITests.debug.xcconfig */;
			buildSettings = {
				ALWAYS_EMBED_SWIFT_STANDARD_LIBRARIES = YES;
				CODE_SIGN_STYLE = Automatic;
				CURRENT_PROJECT_VERSION = 1;
				DEVELOPMENT_TEAM = QYJ996Y32P;
				GENERATE_INFOPLIST_FILE = YES;
				MARKETING_VERSION = 1.0;
				PRODUCT_BUNDLE_IDENTIFIER = "vladislavikys.PulseApp-vladUITests";
				PRODUCT_NAME = "$(TARGET_NAME)";
				SWIFT_EMIT_LOC_STRINGS = NO;
				SWIFT_VERSION = 5.0;
				TARGETED_DEVICE_FAMILY = "1,2";
				TEST_TARGET_NAME = "PulseApp-vlad";
			};
			name = Debug;
		};
		F56BFD842B3447EB0066B1EC /* Release */ = {
			isa = XCBuildConfiguration;
			baseConfigurationReference = 48542826857E4A2B5DC513A1 /* Pods-PulseApp-vlad-PulseApp-vladUITests.release.xcconfig */;
			buildSettings = {
				ALWAYS_EMBED_SWIFT_STANDARD_LIBRARIES = YES;
				CODE_SIGN_STYLE = Automatic;
				CURRENT_PROJECT_VERSION = 1;
				DEVELOPMENT_TEAM = QYJ996Y32P;
				GENERATE_INFOPLIST_FILE = YES;
				MARKETING_VERSION = 1.0;
				PRODUCT_BUNDLE_IDENTIFIER = "vladislavikys.PulseApp-vladUITests";
				PRODUCT_NAME = "$(TARGET_NAME)";
				SWIFT_EMIT_LOC_STRINGS = NO;
				SWIFT_VERSION = 5.0;
				TARGETED_DEVICE_FAMILY = "1,2";
				TEST_TARGET_NAME = "PulseApp-vlad";
			};
			name = Release;
		};
/* End XCBuildConfiguration section */

/* Begin XCConfigurationList section */
		F56BFD4D2B3447EA0066B1EC /* Build configuration list for PBXProject "PulseApp-vlad" */ = {
			isa = XCConfigurationList;
			buildConfigurations = (
				F56BFD7A2B3447EB0066B1EC /* Debug */,
				F56BFD7B2B3447EB0066B1EC /* Release */,
			);
			defaultConfigurationIsVisible = 0;
			defaultConfigurationName = Release;
		};
		F56BFD7C2B3447EB0066B1EC /* Build configuration list for PBXNativeTarget "PulseApp-vlad" */ = {
			isa = XCConfigurationList;
			buildConfigurations = (
				F56BFD7D2B3447EB0066B1EC /* Debug */,
				F56BFD7E2B3447EB0066B1EC /* Release */,
			);
			defaultConfigurationIsVisible = 0;
			defaultConfigurationName = Release;
		};
		F56BFD7F2B3447EB0066B1EC /* Build configuration list for PBXNativeTarget "PulseApp-vladTests" */ = {
			isa = XCConfigurationList;
			buildConfigurations = (
				F56BFD802B3447EB0066B1EC /* Debug */,
				F56BFD812B3447EB0066B1EC /* Release */,
			);
			defaultConfigurationIsVisible = 0;
			defaultConfigurationName = Release;
		};
		F56BFD822B3447EB0066B1EC /* Build configuration list for PBXNativeTarget "PulseApp-vladUITests" */ = {
			isa = XCConfigurationList;
			buildConfigurations = (
				F56BFD832B3447EB0066B1EC /* Debug */,
				F56BFD842B3447EB0066B1EC /* Release */,
			);
			defaultConfigurationIsVisible = 0;
			defaultConfigurationName = Release;
		};
/* End XCConfigurationList section */
	};
	rootObject = F56BFD4A2B3447EA0066B1EC /* Project object */;
}
